github.com/chenguofan1999/cloudgo v0.0.0-20201119143900-7ec467f17a48 h1:8SrMTMy38CvrZ5krFsqedDeCjQDsECmGn2a3l5S9Fgo=
github.com/chenguofan1999/cloudgo v0.0.0-20201119143900-7ec467f17a48/go.mod h1:gMApUZWypCyi6mpH3qfoW6CgqhG5LCsRs9yeQ6tR2hY=
github.com/chenguofan1999/cloudgo v0.0.1 h1:8lkiNXxi7OIxIxfNElSpE8aVXBKNtr7C+q5ni6Wdq0Q=
github.com/chenguofan1999/cloudgo v0.0.1/go.mod h1:gMApUZWypCyi6mpH3qfoW6CgqhG5LCsRs9yeQ6tR2hY=
github.com/chenguofan1999/cloudgo v0.0.2-lw h1:l4hFqjIV+zAM3oS5BWkXdxYqC4rE7m8CJ8iAiPcwVwA=
github.com/chenguofan1999/cloudgo v0.0.2-lw/go.mod h1:gMApUZWypCyi6mpH3qfoW6CgqhG5LCsRs9yeQ6tR2hY=
github.com/chenguofan1999/cloudgo v0.0.3 h1:WFXJhT0VLpCSMYK5pzEMwXX2/HmgEZ9bp/0cvwjGD8I=
github.com/chenguofan1999/cloudgo v0.0.3/go.mod h1:vW/lGXuGPL2jvBeO0p8X6maPwOMTbxkvZBcN5VGZxcw=
github.com/chenguofan1999/cloudgo v0.0.4 h1:uO3s9HIZXEHUHAxkc5awfR4OoWNxZRdpeHQue3pYGh0=
github.com/chenguofan1999/cloudgo v0.0.4/go.mod h1:vW/lGXuGPL2jvBeO0p8X6maPwOMTbxkvZBcN5VGZxcw=
github.com/chenguofan1999/cloudgo v0.0.5 h1:yoxZoI/5vLcWCUclsEPwHP7sWSmdS8NK8IWkrUqP44Y=
github.com/chenguofan1999/cloudgo v0.0.5/go.mod h1:YaQrfhooc0KdbYxVIUHx39UE5z2deP9ktworu6ZCsac=
github.com/chenguofan1999/cloudgo v0.0.6 h1:NxZtISMD9EHa3AXhcUhRaFmIbQChbtpqv29VZS5u/kM=
github.com/chenguofan1999/cloudgo v0.0.6/go.mod h1:YaQrfhooc0KdbYxVIUHx39UE5z2deP9ktworu6ZCsac=
github.com/chenguofan1999/cloudgo v0.0.7 h1:DqC1EtQetuZjM+JY+jDhWUVgNIgyktL4miJ7vuXFeaM=
github.com/chenguofan1999/cloudgo v0.0.7/go.mod h1:YaQrfhooc0KdbYxVIUHx39UE5z2deP9ktworu6ZCsac=
github.com/chenguofan1999/cloudgo v0.0.9 h1:TERb840fQmqUphuGwUwXOYzP1A/jG75svPoUqc1vWT0=
github.com/chenguofan1999/cloudgo v0.0.9/go.mod h1:YaQrfhooc0KdbYxVIUHx39UE5z2deP9ktworu6ZCsac=
github.com/chenguofan1999/cloudgo v0.2.1 h1:N8VSGRE3LidyhsKyk+yceK5UFb9Ddb87vedrHVsNUuo=
github.com/chenguofan1999/cloudgo v0.2.1/go.mod h1:YaQrfhooc0KdbYxVIUHx39UE5z2deP9ktworu6ZCsac=
github.com/chenguofan1999/cloudgo v0.2.2 h1:Wp51Kuv1WszI2t9vsbxVdXUIOyqUJxDQEsqHhm9C+uE=
github.com/chenguofan1999/cloudgo v0.2.2/go.mod h1:YaQrfhooc0KdbYxVIUHx39UE5z2deP9ktworu6ZCsac=
github.com/chenguofan1999/cloudgo v0.2.3 h1:h/f8QU/JaxjmR7fZtkFESu3aeyA4f7pNUD2ypePmrdQ=
github.com/chenguofan1999/cloudgo v0.2.3/go.mod h1:YaQrfhooc0KdbYxVIUHx39UE5z2deP9ktworu6ZCsac=
github.com/chenguofan1999/cloudgo v0.2.5 h1:xmdrEh1GH624VeNjQc4IcQQZJlvY7qcNw3UZxfGBXAM=
github.com/chenguofan1999/cloudgo v0.2.5/go.mod h1:YaQrfhooc0KdbYxVIUHx39UE5z2deP9ktworu6ZCsac=
github.com/chenguofan1999/cloudgo v0.2.6 h1:GScJ/Xflz4k+pv/x1avpRzYMXQmCl2E/p0HWxdZEoHo=
github.com/chenguofan1999/cloudgo v0.2.6/go.mod h1:YaQrfhooc0KdbYxVIUHx39UE5z2deP9ktworu6ZCsac=
github.com/chenguofan1999/cloudgo v0.2.7 h1:ad7gkJxc9ZfEdDpiyYy3bocl+HDNOJ30Vw76WkeK/pI=
github.com/chenguofan1999/cloudgo v0.2.7/go.mod h1:YaQrfhooc0KdbYxVIUHx39UE5z2deP9ktworu6ZCsac=
github.com/chenguofan1999/cloudgo v0.2.8 h1:vfMXzaeKzRvtZtwC8AkOCPG93jZV8wRdMmRTsrWucn0=
github.com/chenguofan1999/cloudgo v0.2.8/go.mod h1:YaQrfhooc0KdbYxVIUHx39UE5z2deP9ktworu6ZCsac=
github.com/chenguofan1999/cloudgo v0.3.0 h1:G8HM2L1Ed+jClqsPMQ9J6cgEolEEGHwzAwFyOPPAHWk=
github.com/chenguofan1999/cloudgo v0.3.0/go.mod h1:YaQrfhooc0KdbYxVIUHx39UE5z2deP9ktworu6ZCsac=
github.com/chenguofan1999/cloudgo v0.3.1 h1:ZMmY+MrNA0snHgmbp3qk1mtwKqyK5DDi3OJDmIGC1IM=
github.com/chenguofan1999/cloudgo v0.3.1/go.mod h1:YaQrfhooc0KdbYxVIUHx39UE5z2deP9ktworu6ZCsac=
github.com/chenguofan1999/cloudgo v0.4.0 h1:mUUt2m7E/NvUxb+HIXtXMt3+QD0/8iiasQj9YSghcX8=
github.com/chenguofan1999/cloudgo v0.4.0/go.mod h1:YaQrfhooc0KdbYxVIUHx39UE5z2deP9ktworu6ZCsac=
github.com/chenguofan1999/cloudgo v0.4.1 h1:pxSIJGoQLfAH3ciQ4mNzWtcf5SU2aBR2ut9uqRWiVQQ=
github.com/chenguofan1999/cloudgo v0.4.1/go.mod h1:YaQrfhooc0KdbYxVIUHx39UE5z2deP9ktworu6ZCsac=
github.com/chenguofan1999/cloudgo v0.6.0 h1:Mk/kcSEglmzqnI3odNkovbJCLLoOJCfUIDe+y755LqA=
github.com/chenguofan1999/cloudgo v0.6.0/go.mod h1:YaQrfhooc0KdbYxVIUHx39UE5z2deP9ktworu6ZCsac=
github.com/chenguofan1999/cloudgo v0.6.1 h1:/3oxzay5LYUq8M6MVCaTlIVJclqU42LRcnOGLHR75e0=
github.com/chenguofan1999/cloudgo v0.6.1/go.mod h1:YaQrfhooc0KdbYxVIUHx39UE5z2deP9ktworu6ZCsac=
github.com/chenguofan1999/cloudgo v0.6.2 h1:RJmAffwjg9QUq4c1k8m06fr7qa9ZC62KZC3KU1FkXLU=
github.com/chenguofan1999/cloudgo v0.6.2/go.mod h1:YaQrfhooc0KdbYxVIUHx39UE5z2deP9ktworu6ZCsac=
github.com/chenguofan1999/cloudgo v0.6.3 h1:nttBOjvuHbtnVb+h8kOUBblyGP2SLraz/4AthGhLq2o=
github.com/chenguofan1999/cloudgo v0.6.3/go.mod h1:YaQrfhooc0KdbYxVIUHx39UE5z2deP9ktworu6ZCsac=
github.com/chenguofan1999/cloudgo v0.6.6 h1:qI0btD/afHPXDzpHuqJlXe3k+mCgnavRByVgEI4KVkE=
github.com/chenguofan1999/cloudgo v0.6.6/go.mod h1:YaQrfhooc0KdbYxVIUHx39UE5z2deP9ktworu6ZCsac=
github.com/chenguofan1999/cloudgo v0.6.7 h1:AcwORyjD6ZGMcaiP5w02OQCEbMyCQVtR3KB8GC1VRGQ=
github.com/chenguofan1999/cloudgo v0.6.7/go.mod h1:YaQrfhooc0KdbYxVIUHx39UE5z2deP9ktworu6ZCsac=
github.com/chenguofan1999/cloudgo v0.6.8 h1:Wo2eY2NYq+6K/IXPWiOfUyLUV6Ldoh2IZtlALTeBWfA=
github.com/chenguofan1999/cloudgo v0.6.8/go.mod h1:ORlarvDIC90zSaD4edr5ehaG5c+4GDUQ9R2IjrWk8oU=
github.com/chenguofan1999/cloudgo v0.6.9 h1:FzaHxLYliisEUvcFzZ4/IkMw3lU0p5E7SCqBNg8XOXc=
github.com/chenguofan1999/cloudgo v0.6.9/go.mod h1:ORlarvDIC90zSaD4edr5ehaG5c+4GDUQ9R2IjrWk8oU=
github.com/chenguofan1999/cloudgo v0.7.9 h1:NNjMyRa5pzS7Nm5zLcdWzOnAPP94kZy33QrlIvPoMIM=
github.com/chenguofan1999/cloudgo v0.7.9/go.mod h1:ORlarvDIC90zSaD4edr5ehaG5c+4GDUQ9R2IjrWk8oU=
github.com/chenguofan1999/cloudgo v0.8.0 h1:0/1yfXLR+TPqfeEdueYdi/0m5hCFA3pjjdR6NyHY8tk=
github.com/chenguofan1999/cloudgo v0.8.0/go.mod h1:ORlarvDIC90zSaD4edr5ehaG5c+4GDUQ9R2IjrWk8oU=
github.com/chenguofan1999/cloudgo v0.8.1 h1:/+LTUbqxzW0v1weA3YCxjw0Ynkf3b+wogI/6jg90Yy0=
github.com/chenguofan1999/cloudgo v0.8.1/go.mod h1:ORlarvDIC90zSaD4edr5ehaG5c+4GDUQ9R2IjrWk8oU=
github.com/chenguofan1999/cloudgo v0.8.2 h1:LEZ6E0v5wJfwW8fsi/S4kLT9PRwQaxzzbnWqcdIxE8E=
github.com/chenguofan1999/cloudgo v0.8.2/go.mod h1:ORlarvDIC90zSaD4edr5ehaG5c+4GDUQ9R2IjrWk8oU=
github.com/chenguofan1999/cloudgo v0.8.3 h1:9pfGmFS4fwwKhiq8EA9UOy1kdjqdm3C44DdaYDmB1eA=
github.com/chenguofan1999/cloudgo v0.8.3/go.mod h1:ORlarvDIC90zSaD4edr5ehaG5c+4GDUQ9R2IjrWk8oU=
github.com/chenguofan1999/cloudgo v0.8.4 h1:KwA85Vec5lT9fsGeYPRWsDGFKwl6gAK+yUGg7bIK198=
github.com/chenguofan1999/cloudgo v0.8.4/go.mod h1:ORlarvDIC90zSaD4edr5ehaG5c+4GDUQ9R2IjrWk8oU=
github.com/chenguofan1999/cloudgo v0.8.6 h1:k6iJv5S8GTRl2iy7nnyjD41knXvK5PVGzIuepLPFEqg=
github.com/chenguofan1999/cloudgo v0.8.6/go.mod h1:ORlarvDIC90zSaD4edr5ehaG5c+4GDUQ9R2IjrWk8oU=
github.com/chenguofan1999/cloudgo v0.8.7 h1:4UkUBBdmCBERYMuaylXkxEhu56SShdWFgNJC4M7TH8o=
github.com/chenguofan1999/cloudgo v0.8.7/go.mod h1:ORlarvDIC90zSaD4edr5ehaG5c+4GDUQ9R2IjrWk8oU=
github.com/chenguofan1999/cloudgo v0.8.8 h1:Y5BW7mI3AwVMtJOF4yPSJDZjs4d9CgPW0hLPjaDYNUI=
github.com/chenguofan1999/cloudgo v0.8.8/go.mod h1:ORlarvDIC90zSaD4edr5ehaG5c+4GDUQ9R2IjrWk8oU=
github.com/chenguofan1999/cloudgo v0.8.9 h1:bXAWUVgMunQkufWO9mhfpVDKyhiM/yJ/pZtxIKMJAs8=
github.com/chenguofan1999/cloudgo v0.8.9/go.mod h1:ORlarvDIC90zSaD4edr5ehaG5c+4GDUQ9R2IjrWk8oU=
github.com/chenguofan1999/cloudgo v0.9.0 h1:UVnyzKg4F8wcxnkWjq84WTwAiX5dXZFrmfA9oAKb1oA=
github.com/chenguofan1999/cloudgo v0.9.0/go.mod h1:ORlarvDIC90zSaD4edr5ehaG5c+4GDUQ9R2IjrWk8oU=
github.com/chenguofan1999/cloudgo v0.9.1 h1:sU5MZOnnML8D9QiuGo9TmqHKby7FAJ6AygcTKYLkdxc=
github.com/chenguofan1999/cloudgo v0.9.1/go.mod h1:ORlarvDIC90zSaD4edr5ehaG5c+4GDUQ9R2IjrWk8oU=
github.com/chenguofan1999/cloudgo v0.9.2 h1:F1JqzbozsME2+yocA8RJz2n8QRRR7FwGMjrru9T38gI=
github.com/chenguofan1999/cloudgo v0.9.2/go.mod h1:ORlarvDIC90zSaD4edr5ehaG5c+4GDUQ9R2IjrWk8oU=
github.com/chenguofan1999/cloudgo v0.9.3 h1:Szx4l0H0EznO+5MtQS5XNcuUUpW2lyVfNTPOuhLv+zc=
github.com/chenguofan1999/cloudgo v0.9.3/go.mod h1:ORlarvDIC90zSaD4edr5ehaG5c+4GDUQ9R2IjrWk8oU=
github.com/codegangsta/negroni v1.0.0 h1:+aYywywx4bnKXWvoWtRfJ91vC59NbEhEY03sZjQhbVY=
github.com/codegangsta/negroni v1.0.0/go.mod h1:v0y3T5G7Y1UlFfyxFn/QLRU4a2EuNau2iZY63YTKWo0=
github.com/eknkc/amber v0.0.0-20171010120322-cdade1c07385/go.mod h1:0vRUJqYpeSZifjYj7uP3BG/gKcuzL9xWVV/Y+cK33KM=
github.com/gorilla/mux v1.8.0 h1:i40aqfkR1h2SlN9hojwV5ZA91wcXFOvkdNIeFDP5koI=
github.com/gorilla/mux v1.8.0/go.mod h1:DVbg23sWSpFRCP0SfiEN6jmj59UnW/n46BH5rLB71So=
github.com/unrolled/render v1.0.3 h1:baO+NG1bZSF2WR4zwh+0bMWauWky7DVrTOfvE2w+aFo=
github.com/unrolled/render v1.0.3/go.mod h1:gN9T0NhL4Bfbwu8ann7Ry/TGHYfosul+J0obPf6NBdM=
golang.org/x/crypto v0.0.0-20190308221718-c2843e01d9a2/go.mod h1:djNgcEr1/C05ACkg1iLfiJU5Ep61QUkGW8qpdssI0+w=
golang.org/x/crypto v0.0.0-20200622213623-75b288015ac9/go.mod h1:LzIPMQfyMNhhGPhUkYOs5KpL4U8rLKemX1yGLhDgUto=
golang.org/x/net v0.0.0-20190404232315-eb5bcb51f2a3/go.mod h1:t9HGtf8HONx5eT2rtn7q6eTqICYqUVnKs3thJo3Qplg=
golang.org/x/net v0.0.0-20201110031124-69a78807bb2b h1:uwuIcX0g4Yl1NC5XAz37xsr2lTtcqevgzYNVt49waME=
golang.org/x/net v0.0.0-20201110031124-69a78807bb2b/go.mod h1:sp8m0HH+o8qH0wwXwYZr8TS3Oi6o0r6Gce1SSxlDquU=
golang.org/x/sys v0.0.0-20190215142949-d0b11bdaac8a/go.mod h1:STP8DvDyc/dI5b8T5hshtkjS+E42TnysNCUPdjciGhY=
golang.org/x/sys v0.0.0-20190412213103-97732733099d/go.mod h1:h1NjWce9XRLGQEsW7wpKNCjG9DtNlClVuFLEZdDNbEs=
golang.org/x/sys v0.0.0-20200930185726-fdedc70b468f/go.mod h1:h1NjWce9XRLGQEsW7wpKNCjG9DtNlClVuFLEZdDNbEs=
golang.org/x/text v0.3.0/go.mod h1:NqM8EUOU14njkJ3fqMW+pc6Ldnwhi/IjpwHt7yyuwOQ=
golang.org/x/text v0.3.3/go.mod h1:5Zoc/QRtKVWzQhOtBMvqHzDpF6irO9z98xDceosuGiQ=
golang.org/x/tools v0.0.0-20180917221912-90fa682c2a6e/go.mod h1:n7NCudcB/nEzxVGmLbDWY5pfWTLqBcC2KZ6jyYvM4mQ=
gopl.io v0.0.0-20200323155855-65c318dde95e h1:Z2obUjDpRealS0n+wq0nZ0tAyl+vY1txRLsZ/EY7XNM=
gopl.io v0.0.0-20200323155855-65c318dde95e/go.mod h1:k9MBtwj/WjioNgt7Buity/chxOPmJqkZ5bEaeT4JVm4=
